
Microsoft Visual Studio Solution File, Format Version 12.00
# Visual Studio Version 16
VisualStudioVersion = 16.0.31205.134
MinimumVisualStudioVersion = 10.0.40219.1
Project("{9A19103F-16F7-4668-BE54-9A1E7A4F7556}") = "PraiseYou.API", "PraiseYou.API\PraiseYou.API.csproj", "{27C1B286-E40C-4F0F-AEFD-E7596CEAB2FC}"
EndProject
Project("{9A19103F-16F7-4668-BE54-9A1E7A4F7556}") = "PraiseYou.Test", "PraiseYou.Test\PraiseYou.Test.csproj", "{48216EBE-48D7-48D2-98B9-847A6F068CB0}"
EndProject
Project("{FAE04EC0-301F-11D3-BF4B-00C04F79EFBC}") = "PraiseYou.Domain", "PraiseYou.Domain\PraiseYou.Domain.csproj", "{67B628EE-6230-4AAB-A432-4346A6913E01}"
EndProject
Project("{FAE04EC0-301F-11D3-BF4B-00C04F79EFBC}") = "PraiseYou.Infrastructure", "PraiseYou.Infrastructure\PraiseYou.Infrastructure.csproj", "{25002EC6-296B-4F2A-9EAC-2E55C2B299C3}"
EndProject
Global
	GlobalSection(SolutionConfigurationPlatforms) = preSolution
		Debug|Any CPU = Debug|Any CPU
		Release|Any CPU = Release|Any CPU
	EndGlobalSection
	GlobalSection(ProjectConfigurationPlatforms) = postSolution
		{27C1B286-E40C-4F0F-AEFD-E7596CEAB2FC}.Debug|Any CPU.ActiveCfg = Debug|Any CPU
		{27C1B286-E40C-4F0F-AEFD-E7596CEAB2FC}.Debug|Any CPU.Build.0 = Debug|Any CPU
		{27C1B286-E40C-4F0F-AEFD-E7596CEAB2FC}.Release|Any CPU.ActiveCfg = Release|Any CPU
		{27C1B286-E40C-4F0F-AEFD-E7596CEAB2FC}.Release|Any CPU.Build.0 = Release|Any CPU
		{48216EBE-48D7-48D2-98B9-847A6F068CB0}.Debug|Any CPU.ActiveCfg = Debug|Any CPU
		{48216EBE-48D7-48D2-98B9-847A6F068CB0}.Debug|Any CPU.Build.0 = Debug|Any CPU
		{48216EBE-48D7-48D2-98B9-847A6F068CB0}.Release|Any CPU.ActiveCfg = Release|Any CPU
		{48216EBE-48D7-48D2-98B9-847A6F068CB0}.Release|Any CPU.Build.0 = Release|Any CPU
		{67B628EE-6230-4AAB-A432-4346A6913E01}.Debug|Any CPU.ActiveCfg = Debug|Any CPU
		{67B628EE-6230-4AAB-A432-4346A6913E01}.Debug|Any CPU.Build.0 = Debug|Any CPU
		{67B628EE-6230-4AAB-A432-4346A6913E01}.Release|Any CPU.ActiveCfg = Release|Any CPU
		{67B628EE-6230-4AAB-A432-4346A6913E01}.Release|Any CPU.Build.0 = Release|Any CPU
		{25002EC6-296B-4F2A-9EAC-2E55C2B299C3}.Debug|Any CPU.ActiveCfg = Debug|Any CPU
		{25002EC6-296B-4F2A-9EAC-2E55C2B299C3}.Debug|Any CPU.Build.0 = Debug|Any CPU
		{25002EC6-296B-4F2A-9EAC-2E55C2B299C3}.Release|Any CPU.ActiveCfg = Release|Any CPU
		{25002EC6-296B-4F2A-9EAC-2E55C2B299C3}.Release|Any CPU.Build.0 = Release|Any CPU
	EndGlobalSection
	GlobalSection(SolutionProperties) = preSolution
		HideSolutionNode = FALSE
	EndGlobalSection
	GlobalSection(ExtensibilityGlobals) = postSolution
		SolutionGuid = {079851C3-7722-4B70-AE52-87CD25F95634}
	EndGlobalSection
EndGlobal
